
Microsoft Visual Studio Solution File, Format Version 12.00
# Visual Studio Version 16
VisualStudioVersion = 16.0.31515.178
MinimumVisualStudioVersion = 10.0.40219.1
Project("{FAE04EC0-301F-11D3-BF4B-00C04F79EFBC}") = "CadMedalhas", "CadMedalhas\CadMedalhas.csproj", "{05E1EAD0-371B-4A1A-A229-ED74C78B33E6}"
EndProject
Global
	GlobalSection(SolutionConfigurationPlatforms) = preSolution
		Debug|Any CPU = Debug|Any CPU
		Release|Any CPU = Release|Any CPU
	EndGlobalSection
	GlobalSection(ProjectConfigurationPlatforms) = postSolution
		{05E1EAD0-371B-4A1A-A229-ED74C78B33E6}.Debug|Any CPU.ActiveCfg = Debug|Any CPU
		{05E1EAD0-371B-4A1A-A229-ED74C78B33E6}.Debug|Any CPU.Build.0 = Debug|Any CPU
		{05E1EAD0-371B-4A1A-A229-ED74C78B33E6}.Release|Any CPU.ActiveCfg = Release|Any CPU
		{05E1EAD0-371B-4A1A-A229-ED74C78B33E6}.Release|Any CPU.Build.0 = Release|Any CPU
	EndGlobalSection
	GlobalSection(SolutionProperties) = preSolution
		HideSolutionNode = FALSE
	EndGlobalSection
	GlobalSection(ExtensibilityGlobals) = postSolution
		SolutionGuid = {F9F32A36-4CB6-4951-96CA-9EE5BDA08DAA}
	EndGlobalSection
EndGlobal
